
Microsoft Visual Studio Solution File, Format Version 12.00
# Visual Studio 15
VisualStudioVersion = 15.0.26124.0
MinimumVisualStudioVersion = 15.0.26124.0
Project("{2150E333-8FDC-42A3-9474-1A3956D46DE8}") = "src", "src", "{90092165-582B-4748-9626-78012E17445D}"
EndProject
Project("{FAE04EC0-301F-11D3-BF4B-00C04F79EFBC}") = "Cli", "src\Cli\Cli.csproj", "{23ED4405-192D-46A8-B713-93E4543542CB}"
EndProject
Project("{FAE04EC0-301F-11D3-BF4B-00C04F79EFBC}") = "Core", "src\Core\Core.csproj", "{19EE9A2C-15C0-4E1E-B0EE-466CDF8FA164}"
EndProject
Project("{FAE04EC0-301F-11D3-BF4B-00C04F79EFBC}") = "Core.Tests", "src\Core.Tests\Core.Tests.csproj", "{ED870382-AFE9-4F90-B012-52C6217E45C7}"
EndProject
Project("{FAE04EC0-301F-11D3-BF4B-00C04F79EFBC}") = "JsonParsing", "src\JsonParsing\JsonParsing.csproj", "{7C651806-5DA3-4B74-96EC-29EFF237FEE1}"
EndProject
Project("{FAE04EC0-301F-11D3-BF4B-00C04F79EFBC}") = "JsonParsing.Tests", "src\JsonParsing.Tests\JsonParsing.Tests.csproj", "{ED728F28-EB30-428B-9B2C-23E956A55330}"
EndProject
Project("{FAE04EC0-301F-11D3-BF4B-00C04F79EFBC}") = "OrderbookTracking", "src\OrderbookTracking\OrderbookTracking.csproj", "{1748BDEF-4DD7-4F62-8660-27B48623DF1B}"
EndProject
Project("{FAE04EC0-301F-11D3-BF4B-00C04F79EFBC}") = "OrderbookTracking.Tests", "src\OrderbookTracking.Tests\OrderbookTracking.Tests.csproj", "{F2410BFD-34F2-4808-874C-ECCDF771BA5F}"
EndProject
Project("{FAE04EC0-301F-11D3-BF4B-00C04F79EFBC}") = "Websocket", "src\Websocket\Websocket.csproj", "{B80D7D14-7210-4437-86F8-6229AFB51079}"
EndProject
Project("{FAE04EC0-301F-11D3-BF4B-00C04F79EFBC}") = "Websocket.Tests", "src\Websocket.Tests\Websocket.Tests.csproj", "{3893539E-9E35-47F7-9181-A3B2B61E5F9E}"
EndProject
Global
	GlobalSection(SolutionConfigurationPlatforms) = preSolution
		Debug|Any CPU = Debug|Any CPU
		Debug|x64 = Debug|x64
		Debug|x86 = Debug|x86
		Release|Any CPU = Release|Any CPU
		Release|x64 = Release|x64
		Release|x86 = Release|x86
	EndGlobalSection
	GlobalSection(SolutionProperties) = preSolution
		HideSolutionNode = FALSE
	EndGlobalSection
	GlobalSection(ProjectConfigurationPlatforms) = postSolution
		{23ED4405-192D-46A8-B713-93E4543542CB}.Debug|Any CPU.ActiveCfg = Debug|Any CPU
		{23ED4405-192D-46A8-B713-93E4543542CB}.Debug|Any CPU.Build.0 = Debug|Any CPU
		{23ED4405-192D-46A8-B713-93E4543542CB}.Debug|x64.ActiveCfg = Debug|Any CPU
		{23ED4405-192D-46A8-B713-93E4543542CB}.Debug|x64.Build.0 = Debug|Any CPU
		{23ED4405-192D-46A8-B713-93E4543542CB}.Debug|x86.ActiveCfg = Debug|Any CPU
		{23ED4405-192D-46A8-B713-93E4543542CB}.Debug|x86.Build.0 = Debug|Any CPU
		{23ED4405-192D-46A8-B713-93E4543542CB}.Release|Any CPU.ActiveCfg = Release|Any CPU
		{23ED4405-192D-46A8-B713-93E4543542CB}.Release|Any CPU.Build.0 = Release|Any CPU
		{23ED4405-192D-46A8-B713-93E4543542CB}.Release|x64.ActiveCfg = Release|Any CPU
		{23ED4405-192D-46A8-B713-93E4543542CB}.Release|x64.Build.0 = Release|Any CPU
		{23ED4405-192D-46A8-B713-93E4543542CB}.Release|x86.ActiveCfg = Release|Any CPU
		{23ED4405-192D-46A8-B713-93E4543542CB}.Release|x86.Build.0 = Release|Any CPU
		{19EE9A2C-15C0-4E1E-B0EE-466CDF8FA164}.Debug|Any CPU.ActiveCfg = Debug|Any CPU
		{19EE9A2C-15C0-4E1E-B0EE-466CDF8FA164}.Debug|Any CPU.Build.0 = Debug|Any CPU
		{19EE9A2C-15C0-4E1E-B0EE-466CDF8FA164}.Debug|x64.ActiveCfg = Debug|Any CPU
		{19EE9A2C-15C0-4E1E-B0EE-466CDF8FA164}.Debug|x64.Build.0 = Debug|Any CPU
		{19EE9A2C-15C0-4E1E-B0EE-466CDF8FA164}.Debug|x86.ActiveCfg = Debug|Any CPU
		{19EE9A2C-15C0-4E1E-B0EE-466CDF8FA164}.Debug|x86.Build.0 = Debug|Any CPU
		{19EE9A2C-15C0-4E1E-B0EE-466CDF8FA164}.Release|Any CPU.ActiveCfg = Release|Any CPU
		{19EE9A2C-15C0-4E1E-B0EE-466CDF8FA164}.Release|Any CPU.Build.0 = Release|Any CPU
		{19EE9A2C-15C0-4E1E-B0EE-466CDF8FA164}.Release|x64.ActiveCfg = Release|Any CPU
		{19EE9A2C-15C0-4E1E-B0EE-466CDF8FA164}.Release|x64.Build.0 = Release|Any CPU
		{19EE9A2C-15C0-4E1E-B0EE-466CDF8FA164}.Release|x86.ActiveCfg = Release|Any CPU
		{19EE9A2C-15C0-4E1E-B0EE-466CDF8FA164}.Release|x86.Build.0 = Release|Any CPU
		{ED870382-AFE9-4F90-B012-52C6217E45C7}.Debug|Any CPU.ActiveCfg = Debug|Any CPU
		{ED870382-AFE9-4F90-B012-52C6217E45C7}.Debug|Any CPU.Build.0 = Debug|Any CPU
		{ED870382-AFE9-4F90-B012-52C6217E45C7}.Debug|x64.ActiveCfg = Debug|Any CPU
		{ED870382-AFE9-4F90-B012-52C6217E45C7}.Debug|x64.Build.0 = Debug|Any CPU
		{ED870382-AFE9-4F90-B012-52C6217E45C7}.Debug|x86.ActiveCfg = Debug|Any CPU
		{ED870382-AFE9-4F90-B012-52C6217E45C7}.Debug|x86.Build.0 = Debug|Any CPU
		{ED870382-AFE9-4F90-B012-52C6217E45C7}.Release|Any CPU.ActiveCfg = Release|Any CPU
		{ED870382-AFE9-4F90-B012-52C6217E45C7}.Release|Any CPU.Build.0 = Release|Any CPU
		{ED870382-AFE9-4F90-B012-52C6217E45C7}.Release|x64.ActiveCfg = Release|Any CPU
		{ED870382-AFE9-4F90-B012-52C6217E45C7}.Release|x64.Build.0 = Release|Any CPU
		{ED870382-AFE9-4F90-B012-52C6217E45C7}.Release|x86.ActiveCfg = Release|Any CPU
		{ED870382-AFE9-4F90-B012-52C6217E45C7}.Release|x86.Build.0 = Release|Any CPU
		{7C651806-5DA3-4B74-96EC-29EFF237FEE1}.Debug|Any CPU.ActiveCfg = Debug|Any CPU
		{7C651806-5DA3-4B74-96EC-29EFF237FEE1}.Debug|Any CPU.Build.0 = Debug|Any CPU
		{7C651806-5DA3-4B74-96EC-29EFF237FEE1}.Debug|x64.ActiveCfg = Debug|Any CPU
		{7C651806-5DA3-4B74-96EC-29EFF237FEE1}.Debug|x64.Build.0 = Debug|Any CPU
		{7C651806-5DA3-4B74-96EC-29EFF237FEE1}.Debug|x86.ActiveCfg = Debug|Any CPU
		{7C651806-5DA3-4B74-96EC-29EFF237FEE1}.Debug|x86.Build.0 = Debug|Any CPU
		{7C651806-5DA3-4B74-96EC-29EFF237FEE1}.Release|Any CPU.ActiveCfg = Release|Any CPU
		{7C651806-5DA3-4B74-96EC-29EFF237FEE1}.Release|Any CPU.Build.0 = Release|Any CPU
		{7C651806-5DA3-4B74-96EC-29EFF237FEE1}.Release|x64.ActiveCfg = Release|Any CPU
		{7C651806-5DA3-4B74-96EC-29EFF237FEE1}.Release|x64.Build.0 = Release|Any CPU
		{7C651806-5DA3-4B74-96EC-29EFF237FEE1}.Release|x86.ActiveCfg = Release|Any CPU
		{7C651806-5DA3-4B74-96EC-29EFF237FEE1}.Release|x86.Build.0 = Release|Any CPU
		{ED728F28-EB30-428B-9B2C-23E956A55330}.Debug|Any CPU.ActiveCfg = Debug|Any CPU
		{ED728F28-EB30-428B-9B2C-23E956A55330}.Debug|Any CPU.Build.0 = Debug|Any CPU
		{ED728F28-EB30-428B-9B2C-23E956A55330}.Debug|x64.ActiveCfg = Debug|Any CPU
		{ED728F28-EB30-428B-9B2C-23E956A55330}.Debug|x64.Build.0 = Debug|Any CPU
		{ED728F28-EB30-428B-9B2C-23E956A55330}.Debug|x86.ActiveCfg = Debug|Any CPU
		{ED728F28-EB30-428B-9B2C-23E956A55330}.Debug|x86.Build.0 = Debug|Any CPU
		{ED728F28-EB30-428B-9B2C-23E956A55330}.Release|Any CPU.ActiveCfg = Release|Any CPU
		{ED728F28-EB30-428B-9B2C-23E956A55330}.Release|Any CPU.Build.0 = Release|Any CPU
		{ED728F28-EB30-428B-9B2C-23E956A55330}.Release|x64.ActiveCfg = Release|Any CPU
		{ED728F28-EB30-428B-9B2C-23E956A55330}.Release|x64.Build.0 = Release|Any CPU
		{ED728F28-EB30-428B-9B2C-23E956A55330}.Release|x86.ActiveCfg = Release|Any CPU
		{ED728F28-EB30-428B-9B2C-23E956A55330}.Release|x86.Build.0 = Release|Any CPU
		{1748BDEF-4DD7-4F62-8660-27B48623DF1B}.Debug|Any CPU.ActiveCfg = Debug|Any CPU
		{1748BDEF-4DD7-4F62-8660-27B48623DF1B}.Debug|Any CPU.Build.0 = Debug|Any CPU
		{1748BDEF-4DD7-4F62-8660-27B48623DF1B}.Debug|x64.ActiveCfg = Debug|Any CPU
		{1748BDEF-4DD7-4F62-8660-27B48623DF1B}.Debug|x64.Build.0 = Debug|Any CPU
		{1748BDEF-4DD7-4F62-8660-27B48623DF1B}.Debug|x86.ActiveCfg = Debug|Any CPU
		{1748BDEF-4DD7-4F62-8660-27B48623DF1B}.Debug|x86.Build.0 = Debug|Any CPU
		{1748BDEF-4DD7-4F62-8660-27B48623DF1B}.Release|Any CPU.ActiveCfg = Release|Any CPU
		{1748BDEF-4DD7-4F62-8660-27B48623DF1B}.Release|Any CPU.Build.0 = Release|Any CPU
		{1748BDEF-4DD7-4F62-8660-27B48623DF1B}.Release|x64.ActiveCfg = Release|Any CPU
		{1748BDEF-4DD7-4F62-8660-27B48623DF1B}.Release|x64.Build.0 = Release|Any CPU
		{1748BDEF-4DD7-4F62-8660-27B48623DF1B}.Release|x86.ActiveCfg = Release|Any CPU
		{1748BDEF-4DD7-4F62-8660-27B48623DF1B}.Release|x86.Build.0 = Release|Any CPU
		{F2410BFD-34F2-4808-874C-ECCDF771BA5F}.Debug|Any CPU.ActiveCfg = Debug|Any CPU
		{F2410BFD-34F2-4808-874C-ECCDF771BA5F}.Debug|Any CPU.Build.0 = Debug|Any CPU
		{F2410BFD-34F2-4808-874C-ECCDF771BA5F}.Debug|x64.ActiveCfg = Debug|Any CPU
		{F2410BFD-34F2-4808-874C-ECCDF771BA5F}.Debug|x64.Build.0 = Debug|Any CPU
		{F2410BFD-34F2-4808-874C-ECCDF771BA5F}.Debug|x86.ActiveCfg = Debug|Any CPU
		{F2410BFD-34F2-4808-874C-ECCDF771BA5F}.Debug|x86.Build.0 = Debug|Any CPU
		{F2410BFD-34F2-4808-874C-ECCDF771BA5F}.Release|Any CPU.ActiveCfg = Release|Any CPU
		{F2410BFD-34F2-4808-874C-ECCDF771BA5F}.Release|Any CPU.Build.0 = Release|Any CPU
		{F2410BFD-34F2-4808-874C-ECCDF771BA5F}.Release|x64.ActiveCfg = Release|Any CPU
		{F2410BFD-34F2-4808-874C-ECCDF771BA5F}.Release|x64.Build.0 = Release|Any CPU
		{F2410BFD-34F2-4808-874C-ECCDF771BA5F}.Release|x86.ActiveCfg = Release|Any CPU
		{F2410BFD-34F2-4808-874C-ECCDF771BA5F}.Release|x86.Build.0 = Release|Any CPU
		{B80D7D14-7210-4437-86F8-6229AFB51079}.Debug|Any CPU.ActiveCfg = Debug|Any CPU
		{B80D7D14-7210-4437-86F8-6229AFB51079}.Debug|Any CPU.Build.0 = Debug|Any CPU
		{B80D7D14-7210-4437-86F8-6229AFB51079}.Debug|x64.ActiveCfg = Debug|Any CPU
		{B80D7D14-7210-4437-86F8-6229AFB51079}.Debug|x64.Build.0 = Debug|Any CPU
		{B80D7D14-7210-4437-86F8-6229AFB51079}.Debug|x86.ActiveCfg = Debug|Any CPU
		{B80D7D14-7210-4437-86F8-6229AFB51079}.Debug|x86.Build.0 = Debug|Any CPU
		{B80D7D14-7210-4437-86F8-6229AFB51079}.Release|Any CPU.ActiveCfg = Release|Any CPU
		{B80D7D14-7210-4437-86F8-6229AFB51079}.Release|Any CPU.Build.0 = Release|Any CPU
		{B80D7D14-7210-4437-86F8-6229AFB51079}.Release|x64.ActiveCfg = Release|Any CPU
		{B80D7D14-7210-4437-86F8-6229AFB51079}.Release|x64.Build.0 = Release|Any CPU
		{B80D7D14-7210-4437-86F8-6229AFB51079}.Release|x86.ActiveCfg = Release|Any CPU
		{B80D7D14-7210-4437-86F8-6229AFB51079}.Release|x86.Build.0 = Release|Any CPU
		{3893539E-9E35-47F7-9181-A3B2B61E5F9E}.Debug|Any CPU.ActiveCfg = Debug|Any CPU
		{3893539E-9E35-47F7-9181-A3B2B61E5F9E}.Debug|Any CPU.Build.0 = Debug|Any CPU
		{3893539E-9E35-47F7-9181-A3B2B61E5F9E}.Debug|x64.ActiveCfg = Debug|Any CPU
		{3893539E-9E35-47F7-9181-A3B2B61E5F9E}.Debug|x64.Build.0 = Debug|Any CPU
		{3893539E-9E35-47F7-9181-A3B2B61E5F9E}.Debug|x86.ActiveCfg = Debug|Any CPU
		{3893539E-9E35-47F7-9181-A3B2B61E5F9E}.Debug|x86.Build.0 = Debug|Any CPU
		{3893539E-9E35-47F7-9181-A3B2B61E5F9E}.Release|Any CPU.ActiveCfg = Release|Any CPU
		{3893539E-9E35-47F7-9181-A3B2B61E5F9E}.Release|Any CPU.Build.0 = Release|Any CPU
		{3893539E-9E35-47F7-9181-A3B2B61E5F9E}.Release|x64.ActiveCfg = Release|Any CPU
		{3893539E-9E35-47F7-9181-A3B2B61E5F9E}.Release|x64.Build.0 = Release|Any CPU
		{3893539E-9E35-47F7-9181-A3B2B61E5F9E}.Release|x86.ActiveCfg = Release|Any CPU
		{3893539E-9E35-47F7-9181-A3B2B61E5F9E}.Release|x86.Build.0 = Release|Any CPU
	EndGlobalSection
	GlobalSection(NestedProjects) = preSolution
		{23ED4405-192D-46A8-B713-93E4543542CB} = {90092165-582B-4748-9626-78012E17445D}
		{19EE9A2C-15C0-4E1E-B0EE-466CDF8FA164} = {90092165-582B-4748-9626-78012E17445D}
		{ED870382-AFE9-4F90-B012-52C6217E45C7} = {90092165-582B-4748-9626-78012E17445D}
		{7C651806-5DA3-4B74-96EC-29EFF237FEE1} = {90092165-582B-4748-9626-78012E17445D}
		{ED728F28-EB30-428B-9B2C-23E956A55330} = {90092165-582B-4748-9626-78012E17445D}
		{1748BDEF-4DD7-4F62-8660-27B48623DF1B} = {90092165-582B-4748-9626-78012E17445D}
		{F2410BFD-34F2-4808-874C-ECCDF771BA5F} = {90092165-582B-4748-9626-78012E17445D}
		{B80D7D14-7210-4437-86F8-6229AFB51079} = {90092165-582B-4748-9626-78012E17445D}
		{3893539E-9E35-47F7-9181-A3B2B61E5F9E} = {90092165-582B-4748-9626-78012E17445D}
	EndGlobalSection
EndGlobal
